// !$*UTF8*$!
{
	archiveVersion = 1;
	classes = {
	};
	objectVersion = 46;
	objects = {

/* Begin PBXAggregateTarget section */
		842681E91ACD93C500F78EF1 /* rabbitmq */ = {
			isa = PBXAggregateTarget;
			buildConfigurationList = 842681EA1ACD93C500F78EF1 /* Build configuration list for PBXAggregateTarget "rabbitmq" */;
			buildPhases = (
				842681ED1ACD93CD00F78EF1 /* ShellScript */,
			);
			dependencies = (
				842681EF1ACD93E300F78EF1 /* PBXTargetDependency */,
			);
			name = rabbitmq;
			productName = rabbitmq;
		};
/* End PBXAggregateTarget section */

/* Begin PBXBuildFile section */
		842681D91ACD880200F78EF1 /* libcrypto.a in Frameworks */ = {isa = PBXBuildFile; fileRef = 842681D71ACD880200F78EF1 /* libcrypto.a */; };
		842681DA1ACD880200F78EF1 /* libssl.a in Frameworks */ = {isa = PBXBuildFile; fileRef = 842681D81ACD880200F78EF1 /* libssl.a */; };
		A9AFCB2D1B05CB4500C97EBA /* amqp_api.c in Sources */ = {isa = PBXBuildFile; fileRef = A9AFCB0B1B05CB2100C97EBA /* amqp_api.c */; };
		A9AFCB2E1B05CB4500C97EBA /* amqp_connection.c in Sources */ = {isa = PBXBuildFile; fileRef = A9AFCB0C1B05CB2100C97EBA /* amqp_connection.c */; };
		A9AFCB2F1B05CB4500C97EBA /* amqp_consumer.c in Sources */ = {isa = PBXBuildFile; fileRef = A9AFCB0D1B05CB2100C97EBA /* amqp_consumer.c */; };
		A9AFCB311B05CB4500C97EBA /* amqp_framing.c in Sources */ = {isa = PBXBuildFile; fileRef = A9AFCB0F1B05CB2100C97EBA /* amqp_framing.c */; };
		A9AFCB341B05CB4500C97EBA /* amqp_hostcheck.c in Sources */ = {isa = PBXBuildFile; fileRef = A9AFCB121B05CB2100C97EBA /* amqp_hostcheck.c */; };
		A9AFCB361B05CB4500C97EBA /* amqp_mem.c in Sources */ = {isa = PBXBuildFile; fileRef = A9AFCB141B05CB2100C97EBA /* amqp_mem.c */; };
		A9AFCB371B05CB4500C97EBA /* amqp_openssl.c in Sources */ = {isa = PBXBuildFile; fileRef = A9AFCB151B05CB2100C97EBA /* amqp_openssl.c */; };
		A9AFCB3A1B05CB4500C97EBA /* amqp_socket.c in Sources */ = {isa = PBXBuildFile; fileRef = A9AFCB181B05CB2100C97EBA /* amqp_socket.c */; };
		A9AFCB3D1B05CB4500C97EBA /* amqp_table.c in Sources */ = {isa = PBXBuildFile; fileRef = A9AFCB1B1B05CB2100C97EBA /* amqp_table.c */; };
		A9AFCB3F1B05CB4500C97EBA /* amqp_tcp_socket.c in Sources */ = {isa = PBXBuildFile; fileRef = A9AFCB1D1B05CB2100C97EBA /* amqp_tcp_socket.c */; };
		A9AFCB411B05CB4500C97EBA /* amqp_time.c in Sources */ = {isa = PBXBuildFile; fileRef = A9AFCB1F1B05CB2100C97EBA /* amqp_time.c */; };
		A9AFCB431B05CB4500C97EBA /* amqp_url.c in Sources */ = {isa = PBXBuildFile; fileRef = A9AFCB211B05CB2100C97EBA /* amqp_url.c */; };
		A9AFCB471B05DBDE00C97EBA /* amqp.h in Copy Files */ = {isa = PBXBuildFile; fileRef = A9AFCB0A1B05CB2100C97EBA /* amqp.h */; };
		A9AFCB481B05DBDE00C97EBA /* amqp_framing.h in Copy Files */ = {isa = PBXBuildFile; fileRef = A9AFCB101B05CB2100C97EBA /* amqp_framing.h */; };
		A9AFCB491B05DBDE00C97EBA /* amqp_hostcheck.h in Copy Files */ = {isa = PBXBuildFile; fileRef = A9AFCB131B05CB2100C97EBA /* amqp_hostcheck.h */; };
		A9AFCB4A1B05DBDE00C97EBA /* amqp_private.h in Copy Files */ = {isa = PBXBuildFile; fileRef = A9AFCB171B05CB2100C97EBA /* amqp_private.h */; };
		A9AFCB4B1B05DBDE00C97EBA /* amqp_socket.h in Copy Files */ = {isa = PBXBuildFile; fileRef = A9AFCB191B05CB2100C97EBA /* amqp_socket.h */; };
		A9AFCB4C1B05DBDE00C97EBA /* amqp_ssl_socket.h in Copy Files */ = {isa = PBXBuildFile; fileRef = A9AFCB1A1B05CB2100C97EBA /* amqp_ssl_socket.h */; };
		A9AFCB4D1B05DBDE00C97EBA /* amqp_table.h in Copy Files */ = {isa = PBXBuildFile; fileRef = A9AFCB1C1B05CB2100C97EBA /* amqp_table.h */; };
		A9AFCB4E1B05DBDE00C97EBA /* amqp_tcp_socket.h in Copy Files */ = {isa = PBXBuildFile; fileRef = A9AFCB1E1B05CB2100C97EBA /* amqp_tcp_socket.h */; };
		A9AFCB4F1B05DBDE00C97EBA /* amqp_time.h in Copy Files */ = {isa = PBXBuildFile; fileRef = A9AFCB201B05CB2100C97EBA /* amqp_time.h */; };
/* End PBXBuildFile section */

/* Begin PBXContainerItemProxy section */
		842681EE1ACD93E300F78EF1 /* PBXContainerItemProxy */ = {
			isa = PBXContainerItemProxy;
			containerPortal = 84C8F3601AC07D73008095F9 /* Project object */;
			proxyType = 1;
			remoteGlobalIDString = 84C8F3671AC07D73008095F9;
			remoteInfo = "rabbitmq-objc";
		};
/* End PBXContainerItemProxy section */

/* Begin PBXCopyFilesBuildPhase section */
		84C8F3661AC07D73008095F9 /* Copy Files */ = {
			isa = PBXCopyFilesBuildPhase;
			buildActionMask = 2147483647;
			dstPath = "include/$(PRODUCT_NAME)";
			dstSubfolderSpec = 16;
			files = (
				A9AFCB471B05DBDE00C97EBA /* amqp.h in Copy Files */,
				A9AFCB481B05DBDE00C97EBA /* amqp_framing.h in Copy Files */,
				A9AFCB491B05DBDE00C97EBA /* amqp_hostcheck.h in Copy Files */,
				A9AFCB4A1B05DBDE00C97EBA /* amqp_private.h in Copy Files */,
				A9AFCB4B1B05DBDE00C97EBA /* amqp_socket.h in Copy Files */,
				A9AFCB4C1B05DBDE00C97EBA /* amqp_ssl_socket.h in Copy Files */,
				A9AFCB4D1B05DBDE00C97EBA /* amqp_table.h in Copy Files */,
				A9AFCB4E1B05DBDE00C97EBA /* amqp_tcp_socket.h in Copy Files */,
				A9AFCB4F1B05DBDE00C97EBA /* amqp_time.h in Copy Files */,
			);
			name = "Copy Files";
			runOnlyForDeploymentPostprocessing = 0;
		};
/* End PBXCopyFilesBuildPhase section */

/* Begin PBXFileReference section */
		842681D71ACD880200F78EF1 /* libcrypto.a */ = {isa = PBXFileReference; lastKnownFileType = archive.ar; name = libcrypto.a; path = lib/libcrypto.a; sourceTree = "<group>"; };
		842681D81ACD880200F78EF1 /* libssl.a */ = {isa = PBXFileReference; lastKnownFileType = archive.ar; name = libssl.a; path = lib/libssl.a; sourceTree = "<group>"; };
		84C8F3681AC07D73008095F9 /* librabbitmq-objc.a */ = {isa = PBXFileReference; explicitFileType = archive.ar; includeInIndex = 0; path = "librabbitmq-objc.a"; sourceTree = BUILT_PRODUCTS_DIR; };
		A9AFCB0A1B05CB2100C97EBA /* amqp.h */ = {isa = PBXFileReference; lastKnownFileType = sourcecode.c.h; path = amqp.h; sourceTree = "<group>"; };
		A9AFCB0B1B05CB2100C97EBA /* amqp_api.c */ = {isa = PBXFileReference; lastKnownFileType = sourcecode.c.c; path = amqp_api.c; sourceTree = "<group>"; };
		A9AFCB0C1B05CB2100C97EBA /* amqp_connection.c */ = {isa = PBXFileReference; lastKnownFileType = sourcecode.c.c; path = amqp_connection.c; sourceTree = "<group>"; };
		A9AFCB0D1B05CB2100C97EBA /* amqp_consumer.c */ = {isa = PBXFileReference; lastKnownFileType = sourcecode.c.c; path = amqp_consumer.c; sourceTree = "<group>"; };
		A9AFCB0E1B05CB2100C97EBA /* amqp_cyassl.c */ = {isa = PBXFileReference; lastKnownFileType = sourcecode.c.c; path = amqp_cyassl.c; sourceTree = "<group>"; };
		A9AFCB0F1B05CB2100C97EBA /* amqp_framing.c */ = {isa = PBXFileReference; lastKnownFileType = sourcecode.c.c; path = amqp_framing.c; sourceTree = "<group>"; };
		A9AFCB101B05CB2100C97EBA /* amqp_framing.h */ = {isa = PBXFileReference; lastKnownFileType = sourcecode.c.h; path = amqp_framing.h; sourceTree = "<group>"; };
		A9AFCB111B05CB2100C97EBA /* amqp_gnutls.c */ = {isa = PBXFileReference; lastKnownFileType = sourcecode.c.c; path = amqp_gnutls.c; sourceTree = "<group>"; };
		A9AFCB121B05CB2100C97EBA /* amqp_hostcheck.c */ = {isa = PBXFileReference; lastKnownFileType = sourcecode.c.c; path = amqp_hostcheck.c; sourceTree = "<group>"; };
		A9AFCB131B05CB2100C97EBA /* amqp_hostcheck.h */ = {isa = PBXFileReference; lastKnownFileType = sourcecode.c.h; path = amqp_hostcheck.h; sourceTree = "<group>"; };
		A9AFCB141B05CB2100C97EBA /* amqp_mem.c */ = {isa = PBXFileReference; lastKnownFileType = sourcecode.c.c; path = amqp_mem.c; sourceTree = "<group>"; };
		A9AFCB151B05CB2100C97EBA /* amqp_openssl.c */ = {isa = PBXFileReference; lastKnownFileType = sourcecode.c.c; path = amqp_openssl.c; sourceTree = "<group>"; };
		A9AFCB161B05CB2100C97EBA /* amqp_polarssl.c */ = {isa = PBXFileReference; lastKnownFileType = sourcecode.c.c; path = amqp_polarssl.c; sourceTree = "<group>"; };
		A9AFCB171B05CB2100C97EBA /* amqp_private.h */ = {isa = PBXFileReference; lastKnownFileType = sourcecode.c.h; path = amqp_private.h; sourceTree = "<group>"; };
		A9AFCB181B05CB2100C97EBA /* amqp_socket.c */ = {isa = PBXFileReference; lastKnownFileType = sourcecode.c.c; path = amqp_socket.c; sourceTree = "<group>"; };
		A9AFCB191B05CB2100C97EBA /* amqp_socket.h */ = {isa = PBXFileReference; lastKnownFileType = sourcecode.c.h; path = amqp_socket.h; sourceTree = "<group>"; };
		A9AFCB1A1B05CB2100C97EBA /* amqp_ssl_socket.h */ = {isa = PBXFileReference; lastKnownFileType = sourcecode.c.h; path = amqp_ssl_socket.h; sourceTree = "<group>"; };
		A9AFCB1B1B05CB2100C97EBA /* amqp_table.c */ = {isa = PBXFileReference; lastKnownFileType = sourcecode.c.c; path = amqp_table.c; sourceTree = "<group>"; };
		A9AFCB1C1B05CB2100C97EBA /* amqp_table.h */ = {isa = PBXFileReference; lastKnownFileType = sourcecode.c.h; path = amqp_table.h; sourceTree = "<group>"; };
		A9AFCB1D1B05CB2100C97EBA /* amqp_tcp_socket.c */ = {isa = PBXFileReference; lastKnownFileType = sourcecode.c.c; path = amqp_tcp_socket.c; sourceTree = "<group>"; };
		A9AFCB1E1B05CB2100C97EBA /* amqp_tcp_socket.h */ = {isa = PBXFileReference; lastKnownFileType = sourcecode.c.h; path = amqp_tcp_socket.h; sourceTree = "<group>"; };
		A9AFCB1F1B05CB2100C97EBA /* amqp_time.c */ = {isa = PBXFileReference; lastKnownFileType = sourcecode.c.c; path = amqp_time.c; sourceTree = "<group>"; };
		A9AFCB201B05CB2100C97EBA /* amqp_time.h */ = {isa = PBXFileReference; lastKnownFileType = sourcecode.c.h; path = amqp_time.h; sourceTree = "<group>"; };
		A9AFCB211B05CB2100C97EBA /* amqp_url.c */ = {isa = PBXFileReference; lastKnownFileType = sourcecode.c.c; path = amqp_url.c; sourceTree = "<group>"; };
		A9AFCB221B05CB2100C97EBA /* CMakeLists.txt */ = {isa = PBXFileReference; lastKnownFileType = text; path = CMakeLists.txt; sourceTree = "<group>"; };
		A9AFCB231B05CB2100C97EBA /* codegen.py */ = {isa = PBXFileReference; lastKnownFileType = text.script.python; path = codegen.py; sourceTree = "<group>"; };
		A9AFCB241B05CB2100C97EBA /* descrip.mms */ = {isa = PBXFileReference; lastKnownFileType = text; path = descrip.mms; sourceTree = "<group>"; };
		A9AFCB261B05CB2100C97EBA /* threads.h */ = {isa = PBXFileReference; lastKnownFileType = sourcecode.c.h; path = threads.h; sourceTree = "<group>"; };
		A9AFCB291B05CB2100C97EBA /* stdint.h */ = {isa = PBXFileReference; lastKnownFileType = sourcecode.c.h; path = stdint.h; sourceTree = "<group>"; };
		A9AFCB2A1B05CB2100C97EBA /* threads.c */ = {isa = PBXFileReference; lastKnownFileType = sourcecode.c.c; path = threads.c; sourceTree = "<group>"; };
		A9AFCB2B1B05CB2100C97EBA /* threads.h */ = {isa = PBXFileReference; lastKnownFileType = sourcecode.c.h; path = threads.h; sourceTree = "<group>"; };
		A9AFCB461B05D95C00C97EBA /* rabbitmqc-def.pch */ = {isa = PBXFileReference; lastKnownFileType = sourcecode.c.h; path = "rabbitmqc-def.pch"; sourceTree = "<group>"; };
/* End PBXFileReference section */

/* Begin PBXFrameworksBuildPhase section */
		84C8F3651AC07D73008095F9 /* Frameworks */ = {
			isa = PBXFrameworksBuildPhase;
			buildActionMask = 2147483647;
			files = (
				842681D91ACD880200F78EF1 /* libcrypto.a in Frameworks */,
				842681DA1ACD880200F78EF1 /* libssl.a in Frameworks */,
			);
			runOnlyForDeploymentPostprocessing = 0;
		};
/* End PBXFrameworksBuildPhase section */

/* Begin PBXGroup section */
		84C8F35F1AC07D73008095F9 = {
			isa = PBXGroup;
			children = (
				A9AFCB461B05D95C00C97EBA /* rabbitmqc-def.pch */,
				A9AFCB091B05CB2100C97EBA /* librabbitmq */,
				842681D71ACD880200F78EF1 /* libcrypto.a */,
				842681D81ACD880200F78EF1 /* libssl.a */,
				84C8F3691AC07D73008095F9 /* Products */,
			);
			sourceTree = "<group>";
		};
		84C8F3691AC07D73008095F9 /* Products */ = {
			isa = PBXGroup;
			children = (
				84C8F3681AC07D73008095F9 /* librabbitmq-objc.a */,
			);
			name = Products;
			sourceTree = "<group>";
		};
		A9AFCB091B05CB2100C97EBA /* librabbitmq */ = {
			isa = PBXGroup;
			children = (
				A9AFCB0A1B05CB2100C97EBA /* amqp.h */,
				A9AFCB0B1B05CB2100C97EBA /* amqp_api.c */,
				A9AFCB0C1B05CB2100C97EBA /* amqp_connection.c */,
				A9AFCB0D1B05CB2100C97EBA /* amqp_consumer.c */,
				A9AFCB0E1B05CB2100C97EBA /* amqp_cyassl.c */,
				A9AFCB0F1B05CB2100C97EBA /* amqp_framing.c */,
				A9AFCB101B05CB2100C97EBA /* amqp_framing.h */,
				A9AFCB111B05CB2100C97EBA /* amqp_gnutls.c */,
				A9AFCB121B05CB2100C97EBA /* amqp_hostcheck.c */,
				A9AFCB131B05CB2100C97EBA /* amqp_hostcheck.h */,
				A9AFCB141B05CB2100C97EBA /* amqp_mem.c */,
				A9AFCB151B05CB2100C97EBA /* amqp_openssl.c */,
				A9AFCB161B05CB2100C97EBA /* amqp_polarssl.c */,
				A9AFCB171B05CB2100C97EBA /* amqp_private.h */,
				A9AFCB181B05CB2100C97EBA /* amqp_socket.c */,
				A9AFCB191B05CB2100C97EBA /* amqp_socket.h */,
				A9AFCB1A1B05CB2100C97EBA /* amqp_ssl_socket.h */,
				A9AFCB1B1B05CB2100C97EBA /* amqp_table.c */,
				A9AFCB1C1B05CB2100C97EBA /* amqp_table.h */,
				A9AFCB1D1B05CB2100C97EBA /* amqp_tcp_socket.c */,
				A9AFCB1E1B05CB2100C97EBA /* amqp_tcp_socket.h */,
				A9AFCB1F1B05CB2100C97EBA /* amqp_time.c */,
				A9AFCB201B05CB2100C97EBA /* amqp_time.h */,
				A9AFCB211B05CB2100C97EBA /* amqp_url.c */,
				A9AFCB221B05CB2100C97EBA /* CMakeLists.txt */,
				A9AFCB231B05CB2100C97EBA /* codegen.py */,
				A9AFCB241B05CB2100C97EBA /* descrip.mms */,
				A9AFCB251B05CB2100C97EBA /* unix */,
				A9AFCB271B05CB2100C97EBA /* win32 */,
			);
			name = librabbitmq;
			path = "rabbitmq-c/librabbitmq";
			sourceTree = "<group>";
		};
		A9AFCB251B05CB2100C97EBA /* unix */ = {
			isa = PBXGroup;
			children = (
				A9AFCB261B05CB2100C97EBA /* threads.h */,
			);
			path = unix;
			sourceTree = "<group>";
		};
		A9AFCB271B05CB2100C97EBA /* win32 */ = {
			isa = PBXGroup;
			children = (
				A9AFCB281B05CB2100C97EBA /* msinttypes */,
				A9AFCB2A1B05CB2100C97EBA /* threads.c */,
				A9AFCB2B1B05CB2100C97EBA /* threads.h */,
			);
			path = win32;
			sourceTree = "<group>";
		};
		A9AFCB281B05CB2100C97EBA /* msinttypes */ = {
			isa = PBXGroup;
			children = (
				A9AFCB291B05CB2100C97EBA /* stdint.h */,
			);
			path = msinttypes;
			sourceTree = "<group>";
		};
/* End PBXGroup section */

/* Begin PBXNativeTarget section */
		84C8F3671AC07D73008095F9 /* rabbitmq-objc */ = {
			isa = PBXNativeTarget;
			buildConfigurationList = 84C8F37C1AC07D73008095F9 /* Build configuration list for PBXNativeTarget "rabbitmq-objc" */;
			buildPhases = (
				84C8F3641AC07D73008095F9 /* Sources */,
				84C8F3651AC07D73008095F9 /* Frameworks */,
				84C8F3661AC07D73008095F9 /* Copy Files */,
			);
			buildRules = (
			);
			dependencies = (
			);
			name = "rabbitmq-objc";
			productName = "rabbitmq-objc";
			productReference = 84C8F3681AC07D73008095F9 /* librabbitmq-objc.a */;
			productType = "com.apple.product-type.library.static";
		};
/* End PBXNativeTarget section */

/* Begin PBXProject section */
		84C8F3601AC07D73008095F9 /* Project object */ = {
			isa = PBXProject;
			attributes = {
				LastUpgradeCheck = 0620;
				ORGANIZATIONNAME = OpenSource;
				TargetAttributes = {
					842681E91ACD93C500F78EF1 = {
						CreatedOnToolsVersion = 6.2;
					};
					84C8F3671AC07D73008095F9 = {
						CreatedOnToolsVersion = 6.2;
					};
				};
			};
			buildConfigurationList = 84C8F3631AC07D73008095F9 /* Build configuration list for PBXProject "rabbitmq-objc" */;
			compatibilityVersion = "Xcode 3.2";
			developmentRegion = English;
			hasScannedForEncodings = 0;
			knownRegions = (
				en,
			);
			mainGroup = 84C8F35F1AC07D73008095F9;
			productRefGroup = 84C8F3691AC07D73008095F9 /* Products */;
			projectDirPath = "";
			projectRoot = "";
			targets = (
				84C8F3671AC07D73008095F9 /* rabbitmq-objc */,
				842681E91ACD93C500F78EF1 /* rabbitmq */,
			);
		};
/* End PBXProject section */

/* Begin PBXShellScriptBuildPhase section */
		842681ED1ACD93CD00F78EF1 /* ShellScript */ = {
			isa = PBXShellScriptBuildPhase;
			buildActionMask = 2147483647;
			files = (
			);
			inputPaths = (
			);
			outputPaths = (
			);
			runOnlyForDeploymentPostprocessing = 0;
			shellPath = /bin/sh;
			shellScript = "# define output folder environment variable\nUNIVERSAL_OUTPUTFOLDER=${BUILD_DIR}/${CONFIGURATION}-universal\n\n# Step 1. Build Device and Simulator versions\nxcodebuild -target Target -configuration ${CONFIGURATION} -sdk iphoneos  BUILD_DIR=\"${BUILD_DIR}\" BUILD_ROOT=\"${BUILD_ROOT}\"\nxcodebuild -target Target -configuration ${CONFIGURATION} -sdk iphonesimulator -arch x86_64 -arch i386 BUILD_DIR=\"${BUILD_DIR}\" BUILD_ROOT=\"${BUILD_ROOT}\"\n\n# make sure the output directory exists\nmkdir -p \"${UNIVERSAL_OUTPUTFOLDER}\"\n\n# Step 2. Create universal binary file using lipo\nlipo -create -output \"${UNIVERSAL_OUTPUTFOLDER}/lib${PROJECT_NAME}.a\" \"${BUILD_DIR}/${CONFIGURATION}-iphoneos/lib${PROJECT_NAME}.a\" \"${BUILD_DIR}/${CONFIGURATION}-iphonesimulator/lib${PROJECT_NAME}.a\"\n\n# Last touch. copy the header files. Just for convenience\ncp -R \"${BUILD_DIR}/${CONFIGURATION}-iphoneos/include\" \"${UNIVERSAL_OUTPUTFOLDER}/\"";
		};
/* End PBXShellScriptBuildPhase section */

/* Begin PBXSourcesBuildPhase section */
		84C8F3641AC07D73008095F9 /* Sources */ = {
			isa = PBXSourcesBuildPhase;
			buildActionMask = 2147483647;
			files = (
				A9AFCB2D1B05CB4500C97EBA /* amqp_api.c in Sources */,
				A9AFCB2E1B05CB4500C97EBA /* amqp_connection.c in Sources */,
				A9AFCB2F1B05CB4500C97EBA /* amqp_consumer.c in Sources */,
				A9AFCB311B05CB4500C97EBA /* amqp_framing.c in Sources */,
				A9AFCB341B05CB4500C97EBA /* amqp_hostcheck.c in Sources */,
				A9AFCB361B05CB4500C97EBA /* amqp_mem.c in Sources */,
				A9AFCB371B05CB4500C97EBA /* amqp_openssl.c in Sources */,
				A9AFCB3A1B05CB4500C97EBA /* amqp_socket.c in Sources */,
				A9AFCB3D1B05CB4500C97EBA /* amqp_table.c in Sources */,
				A9AFCB3F1B05CB4500C97EBA /* amqp_tcp_socket.c in Sources */,
				A9AFCB411B05CB4500C97EBA /* amqp_time.c in Sources */,
				A9AFCB431B05CB4500C97EBA /* amqp_url.c in Sources */,
			);
			runOnlyForDeploymentPostprocessing = 0;
		};
/* End PBXSourcesBuildPhase section */

/* Begin PBXTargetDependency section */
		842681EF1ACD93E300F78EF1 /* PBXTargetDependency */ = {
			isa = PBXTargetDependency;
			target = 84C8F3671AC07D73008095F9 /* rabbitmq-objc */;
			targetProxy = 842681EE1ACD93E300F78EF1 /* PBXContainerItemProxy */;
		};
/* End PBXTargetDependency section */

/* Begin XCBuildConfiguration section */
		842681EB1ACD93C500F78EF1 /* Debug */ = {
			isa = XCBuildConfiguration;
			buildSettings = {
				PRODUCT_NAME = "$(TARGET_NAME)";
			};
			name = Debug;
		};
		842681EC1ACD93C500F78EF1 /* Release */ = {
			isa = XCBuildConfiguration;
			buildSettings = {
				PRODUCT_NAME = "$(TARGET_NAME)";
			};
			name = Release;
		};
		84C8F37A1AC07D73008095F9 /* Debug */ = {
			isa = XCBuildConfiguration;
			buildSettings = {
				ALWAYS_SEARCH_USER_PATHS = NO;
				ARCHS = (
					"$(ARCHS_STANDARD)",
					i386,
					x86_64,
				);
				CLANG_CXX_LANGUAGE_STANDARD = "gnu++0x";
				CLANG_CXX_LIBRARY = "libc++";
				CLANG_ENABLE_MODULES = YES;
				CLANG_ENABLE_OBJC_ARC = YES;
				CLANG_WARN_BOOL_CONVERSION = YES;
				CLANG_WARN_CONSTANT_CONVERSION = YES;
				CLANG_WARN_DIRECT_OBJC_ISA_USAGE = YES_ERROR;
				CLANG_WARN_EMPTY_BODY = YES;
				CLANG_WARN_ENUM_CONVERSION = YES;
				CLANG_WARN_INT_CONVERSION = YES;
				CLANG_WARN_OBJC_ROOT_CLASS = YES_ERROR;
				CLANG_WARN_UNREACHABLE_CODE = YES;
				CLANG_WARN__DUPLICATE_METHOD_MATCH = YES;
				COPY_PHASE_STRIP = NO;
				ENABLE_STRICT_OBJC_MSGSEND = YES;
				GCC_C_LANGUAGE_STANDARD = gnu99;
				GCC_DYNAMIC_NO_PIC = NO;
				GCC_OPTIMIZATION_LEVEL = 0;
				GCC_PRECOMPILE_PREFIX_HEADER = YES;
				GCC_PREFIX_HEADER = "rabbitmqc-def.pch";
				GCC_PREPROCESSOR_DEFINITIONS = (
					"HAVE_HTONLL=1",
					"DEBUG=1",
				);
				GCC_SYMBOLS_PRIVATE_EXTERN = NO;
				GCC_WARN_64_TO_32_BIT_CONVERSION = YES;
				GCC_WARN_ABOUT_RETURN_TYPE = YES_ERROR;
				GCC_WARN_UNDECLARED_SELECTOR = YES;
				GCC_WARN_UNINITIALIZED_AUTOS = YES_AGGRESSIVE;
				GCC_WARN_UNUSED_FUNCTION = YES;
				GCC_WARN_UNUSED_VARIABLE = YES;
				HEADER_SEARCH_PATHS = (
					"$(inherited)",
					/Applications/Xcode.app/Contents/Developer/Toolchains/XcodeDefault.xctoolchain/usr/include,
					"$(PROJECT_DIR)/lib/include/**",
					"$(PROJECT_DIR)/rabbitmq-c/librabbitmq",
				);
				IPHONEOS_DEPLOYMENT_TARGET = 8.2;
				MTL_ENABLE_DEBUG_INFO = YES;
				ONLY_ACTIVE_ARCH = NO;
				SDKROOT = iphoneos;
				USER_HEADER_SEARCH_PATHS = "";
			};
			name = Debug;
		};
		84C8F37B1AC07D73008095F9 /* Release */ = {
			isa = XCBuildConfiguration;
			buildSettings = {
				ALWAYS_SEARCH_USER_PATHS = NO;
				ARCHS = (
					"$(ARCHS_STANDARD)",
					i386,
					x86_64,
				);
				CLANG_CXX_LANGUAGE_STANDARD = "gnu++0x";
				CLANG_CXX_LIBRARY = "libc++";
				CLANG_ENABLE_MODULES = YES;
				CLANG_ENABLE_OBJC_ARC = YES;
				CLANG_WARN_BOOL_CONVERSION = YES;
				CLANG_WARN_CONSTANT_CONVERSION = YES;
				CLANG_WARN_DIRECT_OBJC_ISA_USAGE = YES_ERROR;
				CLANG_WARN_EMPTY_BODY = YES;
				CLANG_WARN_ENUM_CONVERSION = YES;
				CLANG_WARN_INT_CONVERSION = YES;
				CLANG_WARN_OBJC_ROOT_CLASS = YES_ERROR;
				CLANG_WARN_UNREACHABLE_CODE = YES;
				CLANG_WARN__DUPLICATE_METHOD_MATCH = YES;
				COPY_PHASE_STRIP = NO;
				ENABLE_NS_ASSERTIONS = NO;
				ENABLE_STRICT_OBJC_MSGSEND = YES;
				GCC_C_LANGUAGE_STANDARD = gnu99;
				GCC_PRECOMPILE_PREFIX_HEADER = YES;
				GCC_PREFIX_HEADER = "rabbitmqc-def.pch";
				GCC_PREPROCESSOR_DEFINITIONS = "HAVE_HTONLL=1";
				GCC_WARN_64_TO_32_BIT_CONVERSION = YES;
				GCC_WARN_ABOUT_RETURN_TYPE = YES_ERROR;
				GCC_WARN_UNDECLARED_SELECTOR = YES;
				GCC_WARN_UNINITIALIZED_AUTOS = YES_AGGRESSIVE;
				GCC_WARN_UNUSED_FUNCTION = YES;
				GCC_WARN_UNUSED_VARIABLE = YES;
				HEADER_SEARCH_PATHS = (
					"$(inherited)",
					/Applications/Xcode.app/Contents/Developer/Toolchains/XcodeDefault.xctoolchain/usr/include,
					"$(PROJECT_DIR)/lib/include/**",
					"$(PROJECT_DIR)/rabbitmq-c/librabbitmq",
				);
				IPHONEOS_DEPLOYMENT_TARGET = 8.2;
				MTL_ENABLE_DEBUG_INFO = NO;
				SDKROOT = iphoneos;
				USER_HEADER_SEARCH_PATHS = "";
				VALIDATE_PRODUCT = YES;
			};
			name = Release;
		};
		84C8F37D1AC07D73008095F9 /* Debug */ = {
			isa = XCBuildConfiguration;
			buildSettings = {
				ARCHS = "$(ARCHS_STANDARD)";
				LIBRARY_SEARCH_PATHS = (
					"$(inherited)",
					"$(PROJECT_DIR)/lib",
				);
				ONLY_ACTIVE_ARCH = NO;
				OTHER_LDFLAGS = "-ObjC";
				PRODUCT_NAME = "$(TARGET_NAME)";
				SKIP_INSTALL = YES;
			};
			name = Debug;
		};
		84C8F37E1AC07D73008095F9 /* Release */ = {
			isa = XCBuildConfiguration;
			buildSettings = {
				ARCHS = "$(ARCHS_STANDARD)";
				LIBRARY_SEARCH_PATHS = (
					"$(inherited)",
					"$(PROJECT_DIR)/lib",
				);
				OTHER_LDFLAGS = "-ObjC";
				PRODUCT_NAME = "$(TARGET_NAME)";
				SKIP_INSTALL = YES;
			};
			name = Release;
		};
/* End XCBuildConfiguration section */

/* Begin XCConfigurationList section */
		842681EA1ACD93C500F78EF1 /* Build configuration list for PBXAggregateTarget "rabbitmq" */ = {
			isa = XCConfigurationList;
			buildConfigurations = (
				842681EB1ACD93C500F78EF1 /* Debug */,
				842681EC1ACD93C500F78EF1 /* Release */,
			);
			defaultConfigurationIsVisible = 0;
			defaultConfigurationName = Release;
		};
		84C8F3631AC07D73008095F9 /* Build configuration list for PBXProject "rabbitmq-objc" */ = {
			isa = XCConfigurationList;
			buildConfigurations = (
				84C8F37A1AC07D73008095F9 /* Debug */,
				84C8F37B1AC07D73008095F9 /* Release */,
			);
			defaultConfigurationIsVisible = 0;
			defaultConfigurationName = Release;
		};
		84C8F37C1AC07D73008095F9 /* Build configuration list for PBXNativeTarget "rabbitmq-objc" */ = {
			isa = XCConfigurationList;
			buildConfigurations = (
				84C8F37D1AC07D73008095F9 /* Debug */,
				84C8F37E1AC07D73008095F9 /* Release */,
			);
			defaultConfigurationIsVisible = 0;
			defaultConfigurationName = Release;
		};
/* End XCConfigurationList section */
	};
	rootObject = 84C8F3601AC07D73008095F9 /* Project object */;
}
